
Microsoft Visual Studio Solution File, Format Version 12.00
# Visual Studio 15
Project("{FAE04EC0-301F-11D3-BF4B-00C04F79EFBC}") = "Assembly-CSharp", "Assembly-CSharp.csproj", "{DA613F17-F491-7705-8CAA-CA5F7CE3B554}"
EndProject
Global
	GlobalSection(SolutionConfigurationPlatforms) = preSolution
		Debug|Any CPU = Debug|Any CPU
		Release|Any CPU = Release|Any CPU
	EndGlobalSection
	GlobalSection(ProjectConfigurationPlatforms) = postSolution
		{DA613F17-F491-7705-8CAA-CA5F7CE3B554}.Debug|Any CPU.ActiveCfg = Debug|Any CPU
		{DA613F17-F491-7705-8CAA-CA5F7CE3B554}.Debug|Any CPU.Build.0 = Debug|Any CPU
		{DA613F17-F491-7705-8CAA-CA5F7CE3B554}.Release|Any CPU.ActiveCfg = Release|Any CPU
		{DA613F17-F491-7705-8CAA-CA5F7CE3B554}.Release|Any CPU.Build.0 = Release|Any CPU
	EndGlobalSection
	GlobalSection(SolutionProperties) = preSolution
		HideSolutionNode = FALSE
	EndGlobalSection
EndGlobal
